<?xml version="1.0" encoding="utf-8"?>
<Project ToolsVersion="4.0" xmlns="http://schemas.microsoft.com/developer/msbuild/2003">
  <ItemGroup>
    <Filter Include="Source Files">
      <UniqueIdentifier>{4FC737F1-C7A5-4376-A066-2A32D752A2FF}</UniqueIdentifier>
      <Extensions>cpp;cxx;c;def</Extensions>
    </Filter>
    <Filter Include="Header Files">
      <UniqueIdentifier>{93995380-89BD-4b04-88EB-625FBE52EBFB}</UniqueIdentifier>
      <Extensions>h</Extensions>
    </Filter>
    <Filter Include="Form Files">
      <UniqueIdentifier>{99349809-55BA-4b9d-BF79-8FDBB0286EB3}</UniqueIdentifier>
      <Extensions>ui</Extensions>
    </Filter>
    <Filter Include="Resource Files">
      <UniqueIdentifier>{D9D6E242-F8AF-46E4-B9FD-80ECBC20BA3E}</UniqueIdentifier>
      <Extensions>qrc;*</Extensions>
      <ParseFiles>false</ParseFiles>
    </Filter>
    <Filter Include="Generated Files">
      <UniqueIdentifier>{71ED8ED8-ACB9-4CE9-BBE1-E00B30144E11}</UniqueIdentifier>
      <Extensions>moc;h;cpp</Extensions>
      <SourceControlFiles>False</SourceControlFiles>
    </Filter>
    <Filter Include="Generated Files\Debug">
      <UniqueIdentifier>{dd4eb9e8-6a34-4606-97ff-950540d1a7d5}</UniqueIdentifier>
      <Extensions>cpp;moc</Extensions>
      <SourceControlFiles>False</SourceControlFiles>
    </Filter>
    <Filter Include="Generated Files\Release">
      <UniqueIdentifier>{685f3052-c9cf-440a-b819-f64ad4f56e24}</UniqueIdentifier>
      <Extensions>cpp;moc</Extensions>
      <SourceControlFiles>False</SourceControlFiles>
    </Filter>
    <Filter Include="qxtglobalshortcut5">
      <UniqueIdentifier>{bacc8c73-6077-4e09-840a-2fa767c382b5}</UniqueIdentifier>
    </Filter>
  </ItemGroup>
  <ItemGroup>
    <ClCompile Include="stdafx.cpp">
      <Filter>Source Files</Filter>
    </ClCompile>
    <ClCompile Include="main.cpp">
      <Filter>Source Files</Filter>
    </ClCompile>
    <ClCompile Include="WPGTool.cpp">
      <Filter>Source Files</Filter>
    </ClCompile>
    <ClCompile Include="..\include\ITHotKeyProxy.cpp">
      <Filter>Source Files</Filter>
    </ClCompile>
    <ClCompile Include="..\include\qxtglobalshortcut5\qxtglobal.cpp">
      <Filter>qxtglobalshortcut5</Filter>
    </ClCompile>
    <ClCompile Include="..\include\qxtglobalshortcut5\qxtglobalshortcut.cpp">
      <Filter>qxtglobalshortcut5</Filter>
    </ClCompile>
    <ClCompile Include="..\include\qxtglobalshortcut5\qxtglobalshortcut_win.cpp">
      <Filter>qxtglobalshortcut5</Filter>
    </ClCompile>
    <ClCompile Include="..\include\qxtglobalshortcut5\qxtwindowsystem.cpp">
      <Filter>qxtglobalshortcut5</Filter>
    </ClCompile>
    <ClCompile Include="..\include\qxtglobalshortcut5\qxtwindowsystem_win.cpp">
      <Filter>qxtglobalshortcut5</Filter>
    </ClCompile>
    <ClCompile Include="mouse.cpp">
      <Filter>Source Files</Filter>
    </ClCompile>
    <ClCompile Include="keyboard.cpp">
      <Filter>Source Files</Filter>
    </ClCompile>
    <ClCompile Include="..\include\YunLai.cpp">
      <Filter>Header Files</Filter>
    </ClCompile>
  </ItemGroup>
  <ItemGroup>
    <ClInclude Include="stdafx.h">
      <Filter>Header Files</Filter>
    </ClInclude>
    <ClInclude Include="resource.h">
      <Filter>Header Files</Filter>
    </ClInclude>
    <ClInclude Include="..\include\qxtglobalshortcut5\qxtglobal.h">
      <Filter>qxtglobalshortcut5</Filter>
    </ClInclude>
    <ClInclude Include="..\include\qxtglobalshortcut5\qxtglobalshortcut_p.h">
      <Filter>qxtglobalshortcut5</Filter>
    </ClInclude>
    <ClInclude Include="..\include\qxtglobalshortcut5\qxtwindowsystem.h">
      <Filter>qxtglobalshortcut5</Filter>
    </ClInclude>
    <ClInclude Include="mouse.h">
      <Filter>Header Files</Filter>
    </ClInclude>
    <ClInclude Include="keyboard.h">
      <Filter>Header Files</Filter>
    </ClInclude>
    <ClInclude Include="..\include\YunLai.h">
      <Filter>Header Files</Filter>
    </ClInclude>
  </ItemGroup>
  <ItemGroup>
    <QtMoc Include="WPGTool.h">
      <Filter>Header Files</Filter>
    </QtMoc>
    <QtUic Include="WPGTool.ui">
      <Filter>Form Files</Filter>
    </QtUic>
    <QtRcc Include="WPGTool.qrc">
      <Filter>Resource Files</Filter>
    </QtRcc>
    <QtMoc Include="..\include\ITHotKeyProxy.h">
      <Filter>Header Files</Filter>
    </QtMoc>
    <QtMoc Include="..\include\qxtglobalshortcut5\qxtglobalshortcut.h">
      <Filter>qxtglobalshortcut5</Filter>
    </QtMoc>
  </ItemGroup>
  <ItemGroup>
    <None Include="Resources\passingThrough.ico" />
  </ItemGroup>
  <ItemGroup>
    <ResourceCompile Include="WPGTool.rc" />
  </ItemGroup>
</Project>